
Microsoft Visual Studio Solution File, Format Version 12.00
# Visual Studio 14
VisualStudioVersion = 14.0.25420.1
MinimumVisualStudioVersion = 10.0.40219.1
Project("{FAE04EC0-301F-11D3-BF4B-00C04F79EFBC}") = "Reverse String", "28-String and Text Processing-Lab\Reverse String.csproj", "{DB70A0A0-EDA1-417F-A355-BED522F22707}"
EndProject
Project("{FAE04EC0-301F-11D3-BF4B-00C04F79EFBC}") = "Count Substring Ocurrences", "Count Substring Ocurrences\Count Substring Ocurrences.csproj", "{0693C3CC-AD02-4E41-81CF-DFA9055D539D}"
EndProject
Project("{FAE04EC0-301F-11D3-BF4B-00C04F79EFBC}") = "Text Filter", "Text Filter\Text Filter.csproj", "{113BBAC5-CB33-4C1F-8BDE-9BFE0C279E13}"
EndProject
Project("{FAE04EC0-301F-11D3-BF4B-00C04F79EFBC}") = "Palindromes", "Palindromes\Palindromes.csproj", "{5C18E27C-584B-40CE-8873-2B240F37EE80}"
EndProject
Global
	GlobalSection(SolutionConfigurationPlatforms) = preSolution
		Debug|Any CPU = Debug|Any CPU
		Release|Any CPU = Release|Any CPU
	EndGlobalSection
	GlobalSection(ProjectConfigurationPlatforms) = postSolution
		{DB70A0A0-EDA1-417F-A355-BED522F22707}.Debug|Any CPU.ActiveCfg = Debug|Any CPU
		{DB70A0A0-EDA1-417F-A355-BED522F22707}.Debug|Any CPU.Build.0 = Debug|Any CPU
		{DB70A0A0-EDA1-417F-A355-BED522F22707}.Release|Any CPU.ActiveCfg = Release|Any CPU
		{DB70A0A0-EDA1-417F-A355-BED522F22707}.Release|Any CPU.Build.0 = Release|Any CPU
		{0693C3CC-AD02-4E41-81CF-DFA9055D539D}.Debug|Any CPU.ActiveCfg = Debug|Any CPU
		{0693C3CC-AD02-4E41-81CF-DFA9055D539D}.Debug|Any CPU.Build.0 = Debug|Any CPU
		{0693C3CC-AD02-4E41-81CF-DFA9055D539D}.Release|Any CPU.ActiveCfg = Release|Any CPU
		{0693C3CC-AD02-4E41-81CF-DFA9055D539D}.Release|Any CPU.Build.0 = Release|Any CPU
		{113BBAC5-CB33-4C1F-8BDE-9BFE0C279E13}.Debug|Any CPU.ActiveCfg = Debug|Any CPU
		{113BBAC5-CB33-4C1F-8BDE-9BFE0C279E13}.Debug|Any CPU.Build.0 = Debug|Any CPU
		{113BBAC5-CB33-4C1F-8BDE-9BFE0C279E13}.Release|Any CPU.ActiveCfg = Release|Any CPU
		{113BBAC5-CB33-4C1F-8BDE-9BFE0C279E13}.Release|Any CPU.Build.0 = Release|Any CPU
		{5C18E27C-584B-40CE-8873-2B240F37EE80}.Debug|Any CPU.ActiveCfg = Debug|Any CPU
		{5C18E27C-584B-40CE-8873-2B240F37EE80}.Debug|Any CPU.Build.0 = Debug|Any CPU
		{5C18E27C-584B-40CE-8873-2B240F37EE80}.Release|Any CPU.ActiveCfg = Release|Any CPU
		{5C18E27C-584B-40CE-8873-2B240F37EE80}.Release|Any CPU.Build.0 = Release|Any CPU
	EndGlobalSection
	GlobalSection(SolutionProperties) = preSolution
		HideSolutionNode = FALSE
	EndGlobalSection
EndGlobal
