
Microsoft Visual Studio Solution File, Format Version 12.00
# Visual Studio 14
VisualStudioVersion = 14.0.25420.1
MinimumVisualStudioVersion = 10.0.40219.1
Project("{FAE04EC0-301F-11D3-BF4B-00C04F79EFBC}") = "Sort Times", "Sort Times\Sort Times.csproj", "{0AF65858-ADCE-46F5-87C8-7F61BA5DE568}"
EndProject
Project("{FAE04EC0-301F-11D3-BF4B-00C04F79EFBC}") = "Odd Filter", "Odd Filter\Odd Filter.csproj", "{B0055BD9-384D-462C-85CD-D7FCE37A2B0D}"
EndProject
Project("{FAE04EC0-301F-11D3-BF4B-00C04F79EFBC}") = "Immune System", "Immune System\Immune System.csproj", "{9386D657-E276-44BF-872C-1DC3137D36B1}"
EndProject
Project("{FAE04EC0-301F-11D3-BF4B-00C04F79EFBC}") = "SuperMarket Database", "SuperMarket Database\SuperMarket Database.csproj", "{68DB92CE-5735-4B76-9F8F-0DE8467BA07E}"
EndProject
Project("{FAE04EC0-301F-11D3-BF4B-00C04F79EFBC}") = "Parking Validation", "Parking Validation\Parking Validation.csproj", "{FD26DD5D-15D0-4A0E-B55D-0E0AD90AAFCB}"
EndProject
Project("{FAE04EC0-301F-11D3-BF4B-00C04F79EFBC}") = "Byte Flip", "Byte Flip\Byte Flip.csproj", "{53B5273E-0A66-4B58-941B-2077AE6B269D}"
EndProject
Global
	GlobalSection(SolutionConfigurationPlatforms) = preSolution
		Debug|Any CPU = Debug|Any CPU
		Release|Any CPU = Release|Any CPU
	EndGlobalSection
	GlobalSection(ProjectConfigurationPlatforms) = postSolution
		{0AF65858-ADCE-46F5-87C8-7F61BA5DE568}.Debug|Any CPU.ActiveCfg = Debug|Any CPU
		{0AF65858-ADCE-46F5-87C8-7F61BA5DE568}.Debug|Any CPU.Build.0 = Debug|Any CPU
		{0AF65858-ADCE-46F5-87C8-7F61BA5DE568}.Release|Any CPU.ActiveCfg = Release|Any CPU
		{0AF65858-ADCE-46F5-87C8-7F61BA5DE568}.Release|Any CPU.Build.0 = Release|Any CPU
		{B0055BD9-384D-462C-85CD-D7FCE37A2B0D}.Debug|Any CPU.ActiveCfg = Debug|Any CPU
		{B0055BD9-384D-462C-85CD-D7FCE37A2B0D}.Debug|Any CPU.Build.0 = Debug|Any CPU
		{B0055BD9-384D-462C-85CD-D7FCE37A2B0D}.Release|Any CPU.ActiveCfg = Release|Any CPU
		{B0055BD9-384D-462C-85CD-D7FCE37A2B0D}.Release|Any CPU.Build.0 = Release|Any CPU
		{9386D657-E276-44BF-872C-1DC3137D36B1}.Debug|Any CPU.ActiveCfg = Debug|Any CPU
		{9386D657-E276-44BF-872C-1DC3137D36B1}.Debug|Any CPU.Build.0 = Debug|Any CPU
		{9386D657-E276-44BF-872C-1DC3137D36B1}.Release|Any CPU.ActiveCfg = Release|Any CPU
		{9386D657-E276-44BF-872C-1DC3137D36B1}.Release|Any CPU.Build.0 = Release|Any CPU
		{68DB92CE-5735-4B76-9F8F-0DE8467BA07E}.Debug|Any CPU.ActiveCfg = Debug|Any CPU
		{68DB92CE-5735-4B76-9F8F-0DE8467BA07E}.Debug|Any CPU.Build.0 = Debug|Any CPU
		{68DB92CE-5735-4B76-9F8F-0DE8467BA07E}.Release|Any CPU.ActiveCfg = Release|Any CPU
		{68DB92CE-5735-4B76-9F8F-0DE8467BA07E}.Release|Any CPU.Build.0 = Release|Any CPU
		{FD26DD5D-15D0-4A0E-B55D-0E0AD90AAFCB}.Debug|Any CPU.ActiveCfg = Debug|Any CPU
		{FD26DD5D-15D0-4A0E-B55D-0E0AD90AAFCB}.Debug|Any CPU.Build.0 = Debug|Any CPU
		{FD26DD5D-15D0-4A0E-B55D-0E0AD90AAFCB}.Release|Any CPU.ActiveCfg = Release|Any CPU
		{FD26DD5D-15D0-4A0E-B55D-0E0AD90AAFCB}.Release|Any CPU.Build.0 = Release|Any CPU
		{53B5273E-0A66-4B58-941B-2077AE6B269D}.Debug|Any CPU.ActiveCfg = Debug|Any CPU
		{53B5273E-0A66-4B58-941B-2077AE6B269D}.Debug|Any CPU.Build.0 = Debug|Any CPU
		{53B5273E-0A66-4B58-941B-2077AE6B269D}.Release|Any CPU.ActiveCfg = Release|Any CPU
		{53B5273E-0A66-4B58-941B-2077AE6B269D}.Release|Any CPU.Build.0 = Release|Any CPU
	EndGlobalSection
	GlobalSection(SolutionProperties) = preSolution
		HideSolutionNode = FALSE
	EndGlobalSection
EndGlobal
