
Microsoft Visual Studio Solution File, Format Version 12.00
# Visual Studio 14
VisualStudioVersion = 14.0.25420.1
MinimumVisualStudioVersion = 10.0.40219.1
Project("{FAE04EC0-301F-11D3-BF4B-00C04F79EFBC}") = "Days of Week", "Days of Week\Days of Week.csproj", "{0EB9436E-FE78-47C1-8A56-544FBCC48DCD}"
EndProject
Project("{FAE04EC0-301F-11D3-BF4B-00C04F79EFBC}") = "Revers and Arrayd of Integers", "Revers and Arrayd of Integers\Revers and Arrayd of Integers.csproj", "{E1556F1F-0B9A-4105-898B-00F569CF6C45}"
EndProject
Project("{FAE04EC0-301F-11D3-BF4B-00C04F79EFBC}") = "Last K Numbers Sums Sequence", "Last K Numbers Sums Sequence\Last K Numbers Sums Sequence.csproj", "{B0222A31-81B1-4F05-85FB-04FEC893B945}"
EndProject
Project("{FAE04EC0-301F-11D3-BF4B-00C04F79EFBC}") = "Tripple Sum", "Tripple Sum\Tripple Sum.csproj", "{AEB88DBC-1EF3-4137-A0B5-598C903BE4C2}"
EndProject
Project("{FAE04EC0-301F-11D3-BF4B-00C04F79EFBC}") = "Rounding Number", "Rounding Number\Rounding Number.csproj", "{E8E6CF83-5F0B-476B-B223-B4AAD5B765D0}"
EndProject
Project("{FAE04EC0-301F-11D3-BF4B-00C04F79EFBC}") = "Reverse an Array of Strings", "Reverse an Array of Strings\Reverse an Array of Strings.csproj", "{87491584-0A71-413C-9BCB-3C8F48A26788}"
EndProject
Project("{FAE04EC0-301F-11D3-BF4B-00C04F79EFBC}") = "Sum Arrays", "Sum Arrays\Sum Arrays.csproj", "{34B2ECC9-1404-4280-AAB4-FF36ADF67912}"
EndProject
Project("{FAE04EC0-301F-11D3-BF4B-00C04F79EFBC}") = "Condense Array To Number", "Condense Array To Number\Condense Array To Number.csproj", "{6BA377AB-F10A-4F0F-B6D8-5BC85048F544}"
EndProject
Project("{FAE04EC0-301F-11D3-BF4B-00C04F79EFBC}") = "Extract Middle Elements", "Extract Middle Elements\Extract Middle Elements.csproj", "{128EB961-0ACB-4D9C-B6FA-F3E4CCCFA761}"
EndProject
Global
	GlobalSection(SolutionConfigurationPlatforms) = preSolution
		Debug|Any CPU = Debug|Any CPU
		Release|Any CPU = Release|Any CPU
	EndGlobalSection
	GlobalSection(ProjectConfigurationPlatforms) = postSolution
		{0EB9436E-FE78-47C1-8A56-544FBCC48DCD}.Debug|Any CPU.ActiveCfg = Debug|Any CPU
		{0EB9436E-FE78-47C1-8A56-544FBCC48DCD}.Debug|Any CPU.Build.0 = Debug|Any CPU
		{0EB9436E-FE78-47C1-8A56-544FBCC48DCD}.Release|Any CPU.ActiveCfg = Release|Any CPU
		{0EB9436E-FE78-47C1-8A56-544FBCC48DCD}.Release|Any CPU.Build.0 = Release|Any CPU
		{E1556F1F-0B9A-4105-898B-00F569CF6C45}.Debug|Any CPU.ActiveCfg = Debug|Any CPU
		{E1556F1F-0B9A-4105-898B-00F569CF6C45}.Debug|Any CPU.Build.0 = Debug|Any CPU
		{E1556F1F-0B9A-4105-898B-00F569CF6C45}.Release|Any CPU.ActiveCfg = Release|Any CPU
		{E1556F1F-0B9A-4105-898B-00F569CF6C45}.Release|Any CPU.Build.0 = Release|Any CPU
		{B0222A31-81B1-4F05-85FB-04FEC893B945}.Debug|Any CPU.ActiveCfg = Debug|Any CPU
		{B0222A31-81B1-4F05-85FB-04FEC893B945}.Debug|Any CPU.Build.0 = Debug|Any CPU
		{B0222A31-81B1-4F05-85FB-04FEC893B945}.Release|Any CPU.ActiveCfg = Release|Any CPU
		{B0222A31-81B1-4F05-85FB-04FEC893B945}.Release|Any CPU.Build.0 = Release|Any CPU
		{AEB88DBC-1EF3-4137-A0B5-598C903BE4C2}.Debug|Any CPU.ActiveCfg = Debug|Any CPU
		{AEB88DBC-1EF3-4137-A0B5-598C903BE4C2}.Debug|Any CPU.Build.0 = Debug|Any CPU
		{AEB88DBC-1EF3-4137-A0B5-598C903BE4C2}.Release|Any CPU.ActiveCfg = Release|Any CPU
		{AEB88DBC-1EF3-4137-A0B5-598C903BE4C2}.Release|Any CPU.Build.0 = Release|Any CPU
		{E8E6CF83-5F0B-476B-B223-B4AAD5B765D0}.Debug|Any CPU.ActiveCfg = Debug|Any CPU
		{E8E6CF83-5F0B-476B-B223-B4AAD5B765D0}.Debug|Any CPU.Build.0 = Debug|Any CPU
		{E8E6CF83-5F0B-476B-B223-B4AAD5B765D0}.Release|Any CPU.ActiveCfg = Release|Any CPU
		{E8E6CF83-5F0B-476B-B223-B4AAD5B765D0}.Release|Any CPU.Build.0 = Release|Any CPU
		{87491584-0A71-413C-9BCB-3C8F48A26788}.Debug|Any CPU.ActiveCfg = Debug|Any CPU
		{87491584-0A71-413C-9BCB-3C8F48A26788}.Debug|Any CPU.Build.0 = Debug|Any CPU
		{87491584-0A71-413C-9BCB-3C8F48A26788}.Release|Any CPU.ActiveCfg = Release|Any CPU
		{87491584-0A71-413C-9BCB-3C8F48A26788}.Release|Any CPU.Build.0 = Release|Any CPU
		{34B2ECC9-1404-4280-AAB4-FF36ADF67912}.Debug|Any CPU.ActiveCfg = Debug|Any CPU
		{34B2ECC9-1404-4280-AAB4-FF36ADF67912}.Debug|Any CPU.Build.0 = Debug|Any CPU
		{34B2ECC9-1404-4280-AAB4-FF36ADF67912}.Release|Any CPU.ActiveCfg = Release|Any CPU
		{34B2ECC9-1404-4280-AAB4-FF36ADF67912}.Release|Any CPU.Build.0 = Release|Any CPU
		{6BA377AB-F10A-4F0F-B6D8-5BC85048F544}.Debug|Any CPU.ActiveCfg = Debug|Any CPU
		{6BA377AB-F10A-4F0F-B6D8-5BC85048F544}.Debug|Any CPU.Build.0 = Debug|Any CPU
		{6BA377AB-F10A-4F0F-B6D8-5BC85048F544}.Release|Any CPU.ActiveCfg = Release|Any CPU
		{6BA377AB-F10A-4F0F-B6D8-5BC85048F544}.Release|Any CPU.Build.0 = Release|Any CPU
		{128EB961-0ACB-4D9C-B6FA-F3E4CCCFA761}.Debug|Any CPU.ActiveCfg = Debug|Any CPU
		{128EB961-0ACB-4D9C-B6FA-F3E4CCCFA761}.Debug|Any CPU.Build.0 = Debug|Any CPU
		{128EB961-0ACB-4D9C-B6FA-F3E4CCCFA761}.Release|Any CPU.ActiveCfg = Release|Any CPU
		{128EB961-0ACB-4D9C-B6FA-F3E4CCCFA761}.Release|Any CPU.Build.0 = Release|Any CPU
	EndGlobalSection
	GlobalSection(SolutionProperties) = preSolution
		HideSolutionNode = FALSE
	EndGlobalSection
EndGlobal
