
Microsoft Visual Studio Solution File, Format Version 12.00
# Visual Studio 14
VisualStudioVersion = 14.0.25420.1
MinimumVisualStudioVersion = 10.0.40219.1
Project("{FAE04EC0-301F-11D3-BF4B-00C04F79EFBC}") = "Debit Card Number", "Debit Card Number\Debit Card Number.csproj", "{E711F8FC-44AD-441D-B715-92CE9BB3B65A}"
EndProject
Project("{FAE04EC0-301F-11D3-BF4B-00C04F79EFBC}") = "Rectangle Area", "Rectangle Area\Rectangle Area.csproj", "{240DD444-FB99-48E7-BBEB-FB5247F21DBC}"
EndProject
Project("{FAE04EC0-301F-11D3-BF4B-00C04F79EFBC}") = "Miles to Kilometers", "Miles to Kilometers\Miles to Kilometers.csproj", "{3FD1332C-17DE-43E7-BE44-A7B7A147AF16}"
EndProject
Project("{FAE04EC0-301F-11D3-BF4B-00C04F79EFBC}") = "Bevarage Labels", "Bevarage Labels\Bevarage Labels.csproj", "{898D28D0-35C7-493E-9A73-A56DB99AD21A}"
EndProject
Project("{FAE04EC0-301F-11D3-BF4B-00C04F79EFBC}") = "Character Stats", "Character Stats\Character Stats.csproj", "{0731996A-E9F8-4AED-87E0-3FC52A3C342E}"
EndProject
Project("{FAE04EC0-301F-11D3-BF4B-00C04F79EFBC}") = "Greeting", "Greeting\Greeting.csproj", "{483FB46A-6D99-4E56-8920-EF28659130CF}"
EndProject
Project("{FAE04EC0-301F-11D3-BF4B-00C04F79EFBC}") = "SumOf2Numbers", "SumOf2Numbers\SumOf2Numbers.csproj", "{712AABEC-518E-4ECD-B141-8A7302BEEC15}"
EndProject
Project("{FAE04EC0-301F-11D3-BF4B-00C04F79EFBC}") = "Employee Data", "Employee Data\Employee Data.csproj", "{104A7E1B-B551-4B4E-B5BE-8A980165BC35}"
EndProject
Global
	GlobalSection(SolutionConfigurationPlatforms) = preSolution
		Debug|Any CPU = Debug|Any CPU
		Release|Any CPU = Release|Any CPU
	EndGlobalSection
	GlobalSection(ProjectConfigurationPlatforms) = postSolution
		{E711F8FC-44AD-441D-B715-92CE9BB3B65A}.Debug|Any CPU.ActiveCfg = Debug|Any CPU
		{E711F8FC-44AD-441D-B715-92CE9BB3B65A}.Debug|Any CPU.Build.0 = Debug|Any CPU
		{E711F8FC-44AD-441D-B715-92CE9BB3B65A}.Release|Any CPU.ActiveCfg = Release|Any CPU
		{E711F8FC-44AD-441D-B715-92CE9BB3B65A}.Release|Any CPU.Build.0 = Release|Any CPU
		{240DD444-FB99-48E7-BBEB-FB5247F21DBC}.Debug|Any CPU.ActiveCfg = Debug|Any CPU
		{240DD444-FB99-48E7-BBEB-FB5247F21DBC}.Debug|Any CPU.Build.0 = Debug|Any CPU
		{240DD444-FB99-48E7-BBEB-FB5247F21DBC}.Release|Any CPU.ActiveCfg = Release|Any CPU
		{240DD444-FB99-48E7-BBEB-FB5247F21DBC}.Release|Any CPU.Build.0 = Release|Any CPU
		{3FD1332C-17DE-43E7-BE44-A7B7A147AF16}.Debug|Any CPU.ActiveCfg = Debug|Any CPU
		{3FD1332C-17DE-43E7-BE44-A7B7A147AF16}.Debug|Any CPU.Build.0 = Debug|Any CPU
		{3FD1332C-17DE-43E7-BE44-A7B7A147AF16}.Release|Any CPU.ActiveCfg = Release|Any CPU
		{3FD1332C-17DE-43E7-BE44-A7B7A147AF16}.Release|Any CPU.Build.0 = Release|Any CPU
		{898D28D0-35C7-493E-9A73-A56DB99AD21A}.Debug|Any CPU.ActiveCfg = Debug|Any CPU
		{898D28D0-35C7-493E-9A73-A56DB99AD21A}.Debug|Any CPU.Build.0 = Debug|Any CPU
		{898D28D0-35C7-493E-9A73-A56DB99AD21A}.Release|Any CPU.ActiveCfg = Release|Any CPU
		{898D28D0-35C7-493E-9A73-A56DB99AD21A}.Release|Any CPU.Build.0 = Release|Any CPU
		{0731996A-E9F8-4AED-87E0-3FC52A3C342E}.Debug|Any CPU.ActiveCfg = Debug|Any CPU
		{0731996A-E9F8-4AED-87E0-3FC52A3C342E}.Debug|Any CPU.Build.0 = Debug|Any CPU
		{0731996A-E9F8-4AED-87E0-3FC52A3C342E}.Release|Any CPU.ActiveCfg = Release|Any CPU
		{0731996A-E9F8-4AED-87E0-3FC52A3C342E}.Release|Any CPU.Build.0 = Release|Any CPU
		{483FB46A-6D99-4E56-8920-EF28659130CF}.Debug|Any CPU.ActiveCfg = Debug|Any CPU
		{483FB46A-6D99-4E56-8920-EF28659130CF}.Debug|Any CPU.Build.0 = Debug|Any CPU
		{483FB46A-6D99-4E56-8920-EF28659130CF}.Release|Any CPU.ActiveCfg = Release|Any CPU
		{483FB46A-6D99-4E56-8920-EF28659130CF}.Release|Any CPU.Build.0 = Release|Any CPU
		{712AABEC-518E-4ECD-B141-8A7302BEEC15}.Debug|Any CPU.ActiveCfg = Debug|Any CPU
		{712AABEC-518E-4ECD-B141-8A7302BEEC15}.Debug|Any CPU.Build.0 = Debug|Any CPU
		{712AABEC-518E-4ECD-B141-8A7302BEEC15}.Release|Any CPU.ActiveCfg = Release|Any CPU
		{712AABEC-518E-4ECD-B141-8A7302BEEC15}.Release|Any CPU.Build.0 = Release|Any CPU
		{104A7E1B-B551-4B4E-B5BE-8A980165BC35}.Debug|Any CPU.ActiveCfg = Debug|Any CPU
		{104A7E1B-B551-4B4E-B5BE-8A980165BC35}.Debug|Any CPU.Build.0 = Debug|Any CPU
		{104A7E1B-B551-4B4E-B5BE-8A980165BC35}.Release|Any CPU.ActiveCfg = Release|Any CPU
		{104A7E1B-B551-4B4E-B5BE-8A980165BC35}.Release|Any CPU.Build.0 = Release|Any CPU
	EndGlobalSection
	GlobalSection(SolutionProperties) = preSolution
		HideSolutionNode = FALSE
	EndGlobalSection
EndGlobal
