
Microsoft Visual Studio Solution File, Format Version 12.00
# Visual Studio 14
VisualStudioVersion = 14.0.25420.1
MinimumVisualStudioVersion = 10.0.40219.1
Project("{FAE04EC0-301F-11D3-BF4B-00C04F79EFBC}") = "Phonebook", "Phonebook\Phonebook.csproj", "{9FDF005A-BEEE-4250-962B-22FE2C507E7F}"
EndProject
Project("{FAE04EC0-301F-11D3-BF4B-00C04F79EFBC}") = "A Miner Task", "A Miner Task\A Miner Task.csproj", "{38952A96-D2C3-4D61-91A4-CD79A1F6C85B}"
EndProject
Project("{FAE04EC0-301F-11D3-BF4B-00C04F79EFBC}") = "Fix Emails", "Fix Emails\Fix Emails.csproj", "{472C8EA1-956E-4A5A-BAC2-F9E96A72E5CB}"
EndProject
Project("{FAE04EC0-301F-11D3-BF4B-00C04F79EFBC}") = "Hands of Cards", "Hands of Cards\Hands of Cards.csproj", "{744C8F0B-24F5-4A75-9AD9-B6B1D766B1FC}"
EndProject
Project("{FAE04EC0-301F-11D3-BF4B-00C04F79EFBC}") = "User Logs", "User Logs\User Logs.csproj", "{6251E415-1F0A-4FE1-A674-2F5FF13A9CD5}"
EndProject
Global
	GlobalSection(SolutionConfigurationPlatforms) = preSolution
		Debug|Any CPU = Debug|Any CPU
		Release|Any CPU = Release|Any CPU
	EndGlobalSection
	GlobalSection(ProjectConfigurationPlatforms) = postSolution
		{9FDF005A-BEEE-4250-962B-22FE2C507E7F}.Debug|Any CPU.ActiveCfg = Debug|Any CPU
		{9FDF005A-BEEE-4250-962B-22FE2C507E7F}.Debug|Any CPU.Build.0 = Debug|Any CPU
		{9FDF005A-BEEE-4250-962B-22FE2C507E7F}.Release|Any CPU.ActiveCfg = Release|Any CPU
		{9FDF005A-BEEE-4250-962B-22FE2C507E7F}.Release|Any CPU.Build.0 = Release|Any CPU
		{38952A96-D2C3-4D61-91A4-CD79A1F6C85B}.Debug|Any CPU.ActiveCfg = Debug|Any CPU
		{38952A96-D2C3-4D61-91A4-CD79A1F6C85B}.Debug|Any CPU.Build.0 = Debug|Any CPU
		{38952A96-D2C3-4D61-91A4-CD79A1F6C85B}.Release|Any CPU.ActiveCfg = Release|Any CPU
		{38952A96-D2C3-4D61-91A4-CD79A1F6C85B}.Release|Any CPU.Build.0 = Release|Any CPU
		{472C8EA1-956E-4A5A-BAC2-F9E96A72E5CB}.Debug|Any CPU.ActiveCfg = Debug|Any CPU
		{472C8EA1-956E-4A5A-BAC2-F9E96A72E5CB}.Debug|Any CPU.Build.0 = Debug|Any CPU
		{472C8EA1-956E-4A5A-BAC2-F9E96A72E5CB}.Release|Any CPU.ActiveCfg = Release|Any CPU
		{472C8EA1-956E-4A5A-BAC2-F9E96A72E5CB}.Release|Any CPU.Build.0 = Release|Any CPU
		{744C8F0B-24F5-4A75-9AD9-B6B1D766B1FC}.Debug|Any CPU.ActiveCfg = Debug|Any CPU
		{744C8F0B-24F5-4A75-9AD9-B6B1D766B1FC}.Debug|Any CPU.Build.0 = Debug|Any CPU
		{744C8F0B-24F5-4A75-9AD9-B6B1D766B1FC}.Release|Any CPU.ActiveCfg = Release|Any CPU
		{744C8F0B-24F5-4A75-9AD9-B6B1D766B1FC}.Release|Any CPU.Build.0 = Release|Any CPU
		{6251E415-1F0A-4FE1-A674-2F5FF13A9CD5}.Debug|Any CPU.ActiveCfg = Debug|Any CPU
		{6251E415-1F0A-4FE1-A674-2F5FF13A9CD5}.Debug|Any CPU.Build.0 = Debug|Any CPU
		{6251E415-1F0A-4FE1-A674-2F5FF13A9CD5}.Release|Any CPU.ActiveCfg = Release|Any CPU
		{6251E415-1F0A-4FE1-A674-2F5FF13A9CD5}.Release|Any CPU.Build.0 = Release|Any CPU
	EndGlobalSection
	GlobalSection(SolutionProperties) = preSolution
		HideSolutionNode = FALSE
	EndGlobalSection
EndGlobal
