
Microsoft Visual Studio Solution File, Format Version 12.00
# Visual Studio 14
VisualStudioVersion = 14.0.25420.1
MinimumVisualStudioVersion = 10.0.40219.1
Project("{FAE04EC0-301F-11D3-BF4B-00C04F79EFBC}") = "Array Statistics", "Array Statistics\Array Statistics.csproj", "{CBC31617-6AA4-4AE0-BEDA-BC0220F05875}"
EndProject
Project("{FAE04EC0-301F-11D3-BF4B-00C04F79EFBC}") = "Manipulate Array", "Manipulate Array\Manipulate Array.csproj", "{00B95988-8936-4D25-A4A1-82D664C5F9D8}"
EndProject
Project("{FAE04EC0-301F-11D3-BF4B-00C04F79EFBC}") = "Safe Manipulation", "Safe Manipulation\Safe Manipulation.csproj", "{AD31EC4C-B79D-48E7-8FFC-7DEF0073FF12}"
EndProject
Project("{FAE04EC0-301F-11D3-BF4B-00C04F79EFBC}") = "Grab and Go", "Grab and Go\Grab and Go.csproj", "{9684A402-0901-4ABE-9820-53ACE679F122}"
EndProject
Project("{FAE04EC0-301F-11D3-BF4B-00C04F79EFBC}") = "Pizza Ingridients", "Pizza Ingridients\Pizza Ingridients.csproj", "{33AC39CE-9E7B-41B6-ABFC-345F4D1207A6}"
EndProject
Project("{FAE04EC0-301F-11D3-BF4B-00C04F79EFBC}") = "Heists", "Heists\Heists.csproj", "{6D2A2CF2-4C27-4D23-955A-7446C325E909}"
EndProject
Project("{FAE04EC0-301F-11D3-BF4B-00C04F79EFBC}") = "Inventory Matcher", "Inventory Matcher\Inventory Matcher.csproj", "{7CBD9DDB-5545-40A2-88A8-40311FB6972B}"
EndProject
Project("{FAE04EC0-301F-11D3-BF4B-00C04F79EFBC}") = "Upgraded Matcher", "Upgraded Matcher\Upgraded Matcher.csproj", "{4A76569F-76F0-4E2E-BB39-D4499645D226}"
EndProject
Project("{FAE04EC0-301F-11D3-BF4B-00C04F79EFBC}") = "Jump Around", "Jump Around\Jump Around.csproj", "{62AEA531-847E-4EA6-8A66-9490DB1CD9DF}"
EndProject
Global
	GlobalSection(SolutionConfigurationPlatforms) = preSolution
		Debug|Any CPU = Debug|Any CPU
		Release|Any CPU = Release|Any CPU
	EndGlobalSection
	GlobalSection(ProjectConfigurationPlatforms) = postSolution
		{CBC31617-6AA4-4AE0-BEDA-BC0220F05875}.Debug|Any CPU.ActiveCfg = Debug|Any CPU
		{CBC31617-6AA4-4AE0-BEDA-BC0220F05875}.Debug|Any CPU.Build.0 = Debug|Any CPU
		{CBC31617-6AA4-4AE0-BEDA-BC0220F05875}.Release|Any CPU.ActiveCfg = Release|Any CPU
		{CBC31617-6AA4-4AE0-BEDA-BC0220F05875}.Release|Any CPU.Build.0 = Release|Any CPU
		{00B95988-8936-4D25-A4A1-82D664C5F9D8}.Debug|Any CPU.ActiveCfg = Debug|Any CPU
		{00B95988-8936-4D25-A4A1-82D664C5F9D8}.Debug|Any CPU.Build.0 = Debug|Any CPU
		{00B95988-8936-4D25-A4A1-82D664C5F9D8}.Release|Any CPU.ActiveCfg = Release|Any CPU
		{00B95988-8936-4D25-A4A1-82D664C5F9D8}.Release|Any CPU.Build.0 = Release|Any CPU
		{AD31EC4C-B79D-48E7-8FFC-7DEF0073FF12}.Debug|Any CPU.ActiveCfg = Debug|Any CPU
		{AD31EC4C-B79D-48E7-8FFC-7DEF0073FF12}.Debug|Any CPU.Build.0 = Debug|Any CPU
		{AD31EC4C-B79D-48E7-8FFC-7DEF0073FF12}.Release|Any CPU.ActiveCfg = Release|Any CPU
		{AD31EC4C-B79D-48E7-8FFC-7DEF0073FF12}.Release|Any CPU.Build.0 = Release|Any CPU
		{9684A402-0901-4ABE-9820-53ACE679F122}.Debug|Any CPU.ActiveCfg = Debug|Any CPU
		{9684A402-0901-4ABE-9820-53ACE679F122}.Debug|Any CPU.Build.0 = Debug|Any CPU
		{9684A402-0901-4ABE-9820-53ACE679F122}.Release|Any CPU.ActiveCfg = Release|Any CPU
		{9684A402-0901-4ABE-9820-53ACE679F122}.Release|Any CPU.Build.0 = Release|Any CPU
		{33AC39CE-9E7B-41B6-ABFC-345F4D1207A6}.Debug|Any CPU.ActiveCfg = Debug|Any CPU
		{33AC39CE-9E7B-41B6-ABFC-345F4D1207A6}.Debug|Any CPU.Build.0 = Debug|Any CPU
		{33AC39CE-9E7B-41B6-ABFC-345F4D1207A6}.Release|Any CPU.ActiveCfg = Release|Any CPU
		{33AC39CE-9E7B-41B6-ABFC-345F4D1207A6}.Release|Any CPU.Build.0 = Release|Any CPU
		{6D2A2CF2-4C27-4D23-955A-7446C325E909}.Debug|Any CPU.ActiveCfg = Debug|Any CPU
		{6D2A2CF2-4C27-4D23-955A-7446C325E909}.Debug|Any CPU.Build.0 = Debug|Any CPU
		{6D2A2CF2-4C27-4D23-955A-7446C325E909}.Release|Any CPU.ActiveCfg = Release|Any CPU
		{6D2A2CF2-4C27-4D23-955A-7446C325E909}.Release|Any CPU.Build.0 = Release|Any CPU
		{7CBD9DDB-5545-40A2-88A8-40311FB6972B}.Debug|Any CPU.ActiveCfg = Debug|Any CPU
		{7CBD9DDB-5545-40A2-88A8-40311FB6972B}.Debug|Any CPU.Build.0 = Debug|Any CPU
		{7CBD9DDB-5545-40A2-88A8-40311FB6972B}.Release|Any CPU.ActiveCfg = Release|Any CPU
		{7CBD9DDB-5545-40A2-88A8-40311FB6972B}.Release|Any CPU.Build.0 = Release|Any CPU
		{4A76569F-76F0-4E2E-BB39-D4499645D226}.Debug|Any CPU.ActiveCfg = Debug|Any CPU
		{4A76569F-76F0-4E2E-BB39-D4499645D226}.Debug|Any CPU.Build.0 = Debug|Any CPU
		{4A76569F-76F0-4E2E-BB39-D4499645D226}.Release|Any CPU.ActiveCfg = Release|Any CPU
		{4A76569F-76F0-4E2E-BB39-D4499645D226}.Release|Any CPU.Build.0 = Release|Any CPU
		{62AEA531-847E-4EA6-8A66-9490DB1CD9DF}.Debug|Any CPU.ActiveCfg = Debug|Any CPU
		{62AEA531-847E-4EA6-8A66-9490DB1CD9DF}.Debug|Any CPU.Build.0 = Debug|Any CPU
		{62AEA531-847E-4EA6-8A66-9490DB1CD9DF}.Release|Any CPU.ActiveCfg = Release|Any CPU
		{62AEA531-847E-4EA6-8A66-9490DB1CD9DF}.Release|Any CPU.Build.0 = Release|Any CPU
	EndGlobalSection
	GlobalSection(SolutionProperties) = preSolution
		HideSolutionNode = FALSE
	EndGlobalSection
EndGlobal
